
Microsoft Visual Studio Solution File, Format Version 12.00
# Visual Studio 15
VisualStudioVersion = 15.0.28010.2046
MinimumVisualStudioVersion = 10.0.40219.1
Project("{FAE04EC0-301F-11D3-BF4B-00C04F79EFBC}") = "ConsoleApp1", "ConsoleApp1\ConsoleApp1.csproj", "{577CF586-2965-4D63-8B19-AAE6568F525B}"
EndProject
Global
	GlobalSection(SolutionConfigurationPlatforms) = preSolution
		Debug|Any CPU = Debug|Any CPU
		Release|Any CPU = Release|Any CPU
	EndGlobalSection
	GlobalSection(ProjectConfigurationPlatforms) = postSolution
		{577CF586-2965-4D63-8B19-AAE6568F525B}.Debug|Any CPU.ActiveCfg = Debug|Any CPU
		{577CF586-2965-4D63-8B19-AAE6568F525B}.Debug|Any CPU.Build.0 = Debug|Any CPU
		{577CF586-2965-4D63-8B19-AAE6568F525B}.Release|Any CPU.ActiveCfg = Release|Any CPU
		{577CF586-2965-4D63-8B19-AAE6568F525B}.Release|Any CPU.Build.0 = Release|Any CPU
	EndGlobalSection
	GlobalSection(SolutionProperties) = preSolution
		HideSolutionNode = FALSE
	EndGlobalSection
	GlobalSection(ExtensibilityGlobals) = postSolution
		SolutionGuid = {4B6D8FD8-6DF0-4353-9F87-B041B9D3AB69}
	EndGlobalSection
EndGlobal
